github.com/apex/log v1.0.0 h1:5UWeZC54mWVtOGSCjtuvDPgY/o0QxmjQgvYZ27pLVGQ=
github.com/apex/log v1.0.0/go.mod h1:yA770aXIDQrhVOIGurT/pVdfCpSq1GQV/auzMN5fzvY=
github.com/aws/aws-sdk-go v1.10.24 h1:i0PbQqgES+LJUsFzQML6Qq0HrIoBXB5Qce0VLE+cIYo=
github.com/aws/aws-sdk-go v1.10.24/go.mod h1:ZRmQr0FajVIyZ4ZzBYKG5P3ZqPz9IHG41ZoMu1ADI3k=
github.com/bmizerany/assert v0.0.0-20160611221934-b7ed37b82869/go.mod h1:Ekp36dRnpXw/yCqJaO+ZrUyxD+3VXMFFr56k5XYrpB4=
github.com/crowdmob/goamz v0.0.0-20150128194925-3a06871fe9fc/go.mod h1:4zrXGiIhmCfgVUO6nJpSa9QVXylPKBYkLa179m59HzE=
github.com/go-ini/ini v1.28.2 h1:drmmYv7psRpoGZkPtPKKTB+ZFSnvmwCMfNj5o1nLh2Y=
github.com/go-ini/ini v1.28.2/go.mod h1:ByCAeIL28uOIIG0E3PJtZPDL8WnHpFKFOtgjp+3Ies8=
github.com/go-redis/redis v6.5.6+incompatible h1:a6VWkB/1FqWBGZh+yb00JbVNjByg3tGKohAIVDrQEU0=
github.com/go-redis/redis v6.5.6+incompatible/go.mod h1:NAIEuMOZ/fxfXJIrKDQDz8wamY7mA7PouImQ2Jvg6kA=
github.com/jmespath/go-jmespath v0.0.0-20151117175822-3433f3ea46d9 h1:1SlajWtS+u/6x2Be5vrHyrbSxkeIf/+ISBu//kmjpnc=
github.com/jmespath/go-jmespath v0.0.0-20151117175822-3433f3ea46d9/go.mod h1:Nht3zPeWKUH0NzdCt2Blrr5ys8VGpn0CEB0cQHVjt7k=
github.com/jpillora/backoff v0.0.0-20170222002228-06c7a16c845d/go.mod h1:2iMrUgbbvHEiQClaW2NsSzMyGHqN+rDFqY705q49KG0=
github.com/kr/pretty v0.0.0-20160823170715-cfb55aafdaf3/go.mod h1:Bvhd+E3laJ0AVkG0c9rmtZcnhV0HQ3+c3YxxqTvc/gA=
github.com/kr/text v0.0.0-20160504234017-7cafcd837844/go.mod h1:sjUstKUATFIcff4qlB53Kml0wQPtJVc/3fWrmuUmcfA=
github.com/lib/pq v0.0.0-20170810061220-e42267488fe3/go.mod h1:5WUZQaWbwv1U+lTReE5YruASi9Al49XbQIvNi/34Woo=
github.com/pkg/errors v0.8.0 h1:WdK/asTD0HN+q6hsWO3/vpuAkAr+tw6aNJNDFFf0+qw=
github.com/pkg/errors v0.8.0/go.mod h1:bwawxfHBFNV+L2hUp1rHADufV3IMtnDRdf1r5NINEl0=
github.com/tj/go-kinesis v0.0.0-20160602043752-28ff32f8b549/go.mod h1:/yhzCV0xPfx6jb1bBgRFjl5lytqVqZXEaeqWP8lTEao=
