# This file is autogenerated, do not edit; changes may be undone by the next 'dep ensure'.


[[projects]]
  branch = "master"
  name = "github.com/apex/log"
  packages = [".","handlers/text"]
  revision = "0296d6eb16bb28f8a0c55668affcf4876dc269be"

[[projects]]
  name = "github.com/aws/aws-sdk-go"
  packages = ["aws","aws/awserr","aws/awsutil","aws/client","aws/client/metadata","aws/corehandlers","aws/credentials","aws/credentials/ec2rolecreds","aws/credentials/endpointcreds","aws/credentials/stscreds","aws/defaults","aws/ec2metadata","aws/endpoints","aws/request","aws/session","aws/signer/v4","internal/shareddefaults","private/protocol","private/protocol/json/jsonutil","private/protocol/jsonrpc","private/protocol/query","private/protocol/query/queryutil","private/protocol/rest","private/protocol/restxml","private/protocol/xml/xmlutil","service/firehose","service/kinesis","service/kinesis/kinesisiface","service/s3","service/s3/s3iface","service/s3/s3manager","service/sts"]
  revision = "19490d4d23f5f6dd8061abf91542af8433d28d63"
  version = "v1.10.24"

[[projects]]
  branch = "master"
  name = "github.com/bmizerany/assert"
  packages = ["."]
  revision = "b7ed37b82869576c289d7d97fb2bbd8b64a0cb28"

[[projects]]
  branch = "master"
  name = "github.com/crowdmob/goamz"
  packages = ["aws","s3"]
  revision = "3a06871fe9fc0281ca90f3a7d97258d042ed64c0"

[[projects]]
  name = "github.com/go-ini/ini"
  packages = ["."]
  revision = "20b96f641a5ea98f2f8619ff4f3e061cff4833bd"
  version = "v1.28.2"

[[projects]]
  name = "github.com/go-redis/redis"
  packages = [".","internal","internal/consistenthash","internal/hashtag","internal/pool","internal/proto"]
  revision = "89515eebd1b5761486abd32d9e84a8f55dda7740"
  version = "v6.5.6"

[[projects]]
  name = "github.com/jmespath/go-jmespath"
  packages = ["."]
  revision = "3433f3ea46d9f8019119e7dd41274e112a2359a9"
  version = "0.2.2"

[[projects]]
  branch = "master"
  name = "github.com/jpillora/backoff"
  packages = ["."]
  revision = "06c7a16c845dc8e0bf575fafeeca0f5462f5eb4d"

[[projects]]
  branch = "master"
  name = "github.com/kr/pretty"
  packages = ["."]
  revision = "cfb55aafdaf3ec08f0db22699ab822c50091b1c4"

[[projects]]
  branch = "master"
  name = "github.com/kr/text"
  packages = ["."]
  revision = "7cafcd837844e784b526369c9bce262804aebc60"

[[projects]]
  branch = "master"
  name = "github.com/lib/pq"
  packages = [".","oid"]
  revision = "e42267488fe361b9dc034be7a6bffef5b195bceb"

[[projects]]
  name = "github.com/pkg/errors"
  packages = ["."]
  revision = "645ef00459ed84a119197bfb8d8205042c6df63d"
  version = "v0.8.0"

[[projects]]
  branch = "master"
  name = "github.com/tj/go-kinesis"
  packages = ["."]
  revision = "28ff32f8b54954f8ea365fa278bcfcec35ec094b"

[solve-meta]
  analyzer-name = "dep"
  analyzer-version = 1
  inputs-digest = "0f861a6e8af5e27d32e948a7e4902f7a2ed16ea3fa8cb61a38fb8043fd2acbe3"
  solver-name = "gps-cdcl"
  solver-version = 1
