hash: eb302c4a28572c560001407dfeb4d83f69cb20d5922af3e01053abfd3adc8e21
updated: 2016-09-29T10:56:42.209145651-07:00
imports:
- name: github.com/apex/log
  version: 4ea85e918cc8389903d5f12d7ccac5c23ab7d89b
  subpackages:
  - handlers/text
- name: github.com/aws/aws-sdk-go
  version: 87a2cff6c2601f69429f336067d1deb7f713d1c6
  subpackages:
  - aws
  - aws/awserr
  - aws/awsutil
  - aws/client
  - aws/client/metadata
  - aws/corehandlers
  - aws/credentials
  - aws/credentials/ec2rolecreds
  - aws/credentials/endpointcreds
  - aws/credentials/stscreds
  - aws/defaults
  - aws/ec2metadata
  - aws/request
  - aws/session
  - aws/signer/v4
  - private/endpoints
  - private/protocol
  - private/protocol/json/jsonutil
  - private/protocol/jsonrpc
  - private/protocol/query
  - private/protocol/query/queryutil
  - private/protocol/rest
  - private/protocol/xml/xmlutil
  - private/waiter
  - service/firehose
  - service/kinesis
  - service/kinesis/kinesisiface
  - service/s3
  - service/sts
- name: github.com/go-ini/ini
  version: 6e4869b434bd001f6983749881c7ead3545887d8
- name: github.com/harlow/kinesis-connectors
  version: cc936aed0436d9b2091fc81d2de574f3bd2e1759
  subpackages:
  - emitter/s3
- name: github.com/hoisie/redis
  version: b5c6e81454e0395c280f220d82a6854fd0fcf42e
- name: github.com/jmespath/go-jmespath
  version: bd40a432e4c76585ef6b72d3fd96fb9b6dc7b68d
- name: github.com/jpillora/backoff
  version: a6f64285fd4072883335339357436b78d62c96a4
- name: github.com/tj/go-kinesis
  version: 28ff32f8b54954f8ea365fa278bcfcec35ec094b
testImports:
- name: github.com/bmizerany/assert
  version: b7ed37b82869576c289d7d97fb2bbd8b64a0cb28
